github.com/billgraziano/dpapi v0.4.0 h1:t39THI1Ld1hkkLVrhkOX6u5TUxwzRddOffq4jcwh2AE=
github.com/billgraziano/dpapi v0.4.0/go.mod h1:gi1Lin0jvovT53j0EXITkY6UPb3hTfI92POaZgj9JBA=
github.com/dustin/go-humanize v1.0.0/go.mod h1:HtrtbFcZ19U5GC7JDqmcUSB87Iq5E25KnS6fMYU6eOk=
github.com/grokify/go-pkce v0.2.0 h1:IwjppAAUnKZuDo2e3S+EKiwXopAc2UHFzoOFbC24bO0=
github.com/grokify/go-pkce v0.2.0/go.mod h1:DABMww8Ue+sVrmOBDrt8dH8iFFUtSfmUCKOS3nh4ye8=
github.com/influxdata/influxdb1-client v0.0.0-20220302092344-a9ab5670611c h1:qSHzRbhzK8RdXOsAdfDgO49TtqC1oZ+acxPrkfTxcCs=
github.com/influxdata/influxdb1-client v0.0.0-20220302092344-a9ab5670611c/go.mod h1:qj24IKcXYK6Iy9ceXlo3Tc+vtHo9lIhSX5JddghvEPo=
github.com/pkg/errors v0.9.1 h1:FEBLx1zS214owpjy7qsBeixbURkuhQAwrK5UwLGTwt4=
github.com/pkg/errors v0.9.1/go.mod h1:bwawxfHBFNV+L2hUp1rHADufV3IMtnDRdf1r5NINEl0=
github.com/robfig/cron v1.2.0/go.mod h1:JGuDeoQd7Z6yL4zQhZ3OPEVHB7fL6Ka6skscFHfmt2k=
github.com/takama/daemon v1.0.0 h1:XS3VLnFKmqw2Z7fQ/dHRarrVjdir9G3z7BEP8osjizQ=
github.com/takama/daemon v1.0.0/go.mod h1:gKlhcjbqtBODg5v9H1nj5dU1a2j2GemtuWSNLD5rxOE=
golang.org/x/sys v0.0.0-20200722175500-76b94024e4b6/go.mod h1:h1NjWce9XRLGQEsW7wpKNCjG9DtNlClVuFLEZdDNbEs=
golang.org/x/sys v0.0.0-20200828161417-c663848e9a16/go.mod h1:h1NjWce9XRLGQEsW7wpKNCjG9DtNlClVuFLEZdDNbEs=
golang.org/x/sys v0.0.0-20211216021012-1d35b9e2eb4e h1:fLOSk5Q00efkSvAm+4xcoXD+RRmLmmulPn5I3Y9F2EM=
golang.org/x/sys v0.0.0-20211216021012-1d35b9e2eb4e/go.mod h1:oPkhp1MJrh7nUepCBck5+mAzfO9JrbApNNgaTdGDITg=
